{
  "name": "register-new-chia-plots",
  "version": "1.0.0",
  "lockfileVersion": 2,
  "requires": true,
  "packages": {
    "": {
      "name": "register-new-chia-plots",
      "version": "1.0.0",
      "dependencies": {
        "dotenv": "^15.0.0",
        "fs": "^0.0.1-security",
        "minimist": "^1.2.5",
        "qfgets": "^1.1.1",
        "systeminformation": "^5.11.16",
        "tail": "^2.2.4"
      }
    },
    "node_modules/dotenv": {
      "version": "15.0.1",
      "resolved": "https://registry.npmjs.org/dotenv/-/dotenv-15.0.1.tgz",
      "integrity": "sha512-4OnbwRfzR+xQThp7uq1xpUS9fmgZ//njexOtPjPSbK3yHGrSHSJnaJRsXderSSm2elfvVj+Y5awDC0I8Oy8rkA==",
      "engines": {
        "node": ">=12"
      }
    },
    "node_modules/fs": {
      "version": "0.0.1-security",
      "resolved": "https://registry.npmjs.org/fs/-/fs-0.0.1-security.tgz",
      "integrity": "sha512-3XY9e1pP0CVEUCdj5BmfIZxRBTSDycnbqhIOGec9QYtmVH2fbLpj86CFWkrNOkt/Fvty4KZG5lTglL9j/gJ87w=="
    },
    "node_modules/minimist": {
      "version": "1.2.6",
      "resolved": "https://registry.npmjs.org/minimist/-/minimist-1.2.6.tgz",
      "integrity": "sha512-Jsjnk4bw3YJqYzbdyBiNsPWHPfO++UGG749Cxs6peCu5Xg4nrena6OVxOYxrQTqww0Jmwt+Ref8rggumkTLz9Q=="
    },
    "node_modules/qfgets": {
      "version": "1.1.1",
      "resolved": "https://registry.npmjs.org/qfgets/-/qfgets-1.1.1.tgz",
      "integrity": "sha512-d8+P9FTlOf+yZ15u0npQMbwATmzgSvp+6SJQofnGblAXXG4IYA97uoO0/w8eS3PHO6Maz5Odmyg+eZskhdagqg==",
      "engines": {
        "node": ">=0.0.0"
      }
    },
    "node_modules/systeminformation": {
      "version": "5.11.16",
      "resolved": "https://registry.npmjs.org/systeminformation/-/systeminformation-5.11.16.tgz",
      "integrity": "sha512-/a1VfP9WELKLT330yhAHJ4lWCXRYynel1kMMHKc/qdzCgDt3BIcMlo+3tKcTiRHFefjV3fz4AvqMx7dGO/72zw==",
      "os": [
        "darwin",
        "linux",
        "win32",
        "freebsd",
        "openbsd",
        "netbsd",
        "sunos",
        "android"
      ],
      "bin": {
        "systeminformation": "lib/cli.js"
      },
      "engines": {
        "node": ">=8.0.0"
      },
      "funding": {
        "type": "Buy me a coffee",
        "url": "https://www.buymeacoffee.com/systeminfo"
      }
    },
    "node_modules/tail": {
      "version": "2.2.4",
      "resolved": "https://registry.npmjs.org/tail/-/tail-2.2.4.tgz",
      "integrity": "sha512-PX8klSxW1u3SdgDrDeewh5GNE+hkJ4h02JvHfV6YrHqWOVJ88nUdSQqtsUf/gWhgZlPAws3fiZ+F1f8euspcuQ==",
      "engines": {
        "node": ">= 6.0.0"
      }
    }
  },
  "dependencies": {
    "dotenv": {
      "version": "15.0.1",
      "resolved": "https://registry.npmjs.org/dotenv/-/dotenv-15.0.1.tgz",
      "integrity": "sha512-4OnbwRfzR+xQThp7uq1xpUS9fmgZ//njexOtPjPSbK3yHGrSHSJnaJRsXderSSm2elfvVj+Y5awDC0I8Oy8rkA=="
    },
    "fs": {
      "version": "0.0.1-security",
      "resolved": "https://registry.npmjs.org/fs/-/fs-0.0.1-security.tgz",
      "integrity": "sha512-3XY9e1pP0CVEUCdj5BmfIZxRBTSDycnbqhIOGec9QYtmVH2fbLpj86CFWkrNOkt/Fvty4KZG5lTglL9j/gJ87w=="
    },
    "minimist": {
      "version": "1.2.6",
      "resolved": "https://registry.npmjs.org/minimist/-/minimist-1.2.6.tgz",
      "integrity": "sha512-Jsjnk4bw3YJqYzbdyBiNsPWHPfO++UGG749Cxs6peCu5Xg4nrena6OVxOYxrQTqww0Jmwt+Ref8rggumkTLz9Q=="
    },
    "qfgets": {
      "version": "1.1.1",
      "resolved": "https://registry.npmjs.org/qfgets/-/qfgets-1.1.1.tgz",
      "integrity": "sha512-d8+P9FTlOf+yZ15u0npQMbwATmzgSvp+6SJQofnGblAXXG4IYA97uoO0/w8eS3PHO6Maz5Odmyg+eZskhdagqg=="
    },
    "systeminformation": {
      "version": "5.11.16",
      "resolved": "https://registry.npmjs.org/systeminformation/-/systeminformation-5.11.16.tgz",
      "integrity": "sha512-/a1VfP9WELKLT330yhAHJ4lWCXRYynel1kMMHKc/qdzCgDt3BIcMlo+3tKcTiRHFefjV3fz4AvqMx7dGO/72zw=="
    },
    "tail": {
      "version": "2.2.4",
      "resolved": "https://registry.npmjs.org/tail/-/tail-2.2.4.tgz",
      "integrity": "sha512-PX8klSxW1u3SdgDrDeewh5GNE+hkJ4h02JvHfV6YrHqWOVJ88nUdSQqtsUf/gWhgZlPAws3fiZ+F1f8euspcuQ=="
    }
  }
}
